# This file is autogenerated, do not edit; changes may be undone by the next 'dep ensure'.


[[projects]]
  branch = "master"
  name = "dmitri.shuralyov.com/text/kebabcase"
  packages = ["."]
  revision = "40e40b42552a9cb37d6e98f4ad31f63ae53ea43a"

[[projects]]
  name = "github.com/BurntSushi/toml"
  packages = ["."]
  revision = "b26d9c308763d68093482582cea63d69be07a0f0"
  version = "v0.3.0"

[[projects]]
  name = "github.com/fatih/color"
  packages = ["."]
  revision = "507f6050b8568533fb3f5504de8e5205fa62a114"
  version = "v1.6.0"

[[projects]]
  name = "github.com/mattn/go-colorable"
  packages = ["."]
  revision = "167de6bfdfba052fa6b2d3664c8f5272e23c9072"
  version = "v0.0.9"

[[projects]]
  name = "github.com/mattn/go-isatty"
  packages = ["."]
  revision = "0360b2af4f38e8d38c7fce2a9f4e702702d73a39"
  version = "v0.0.3"

[[projects]]
  name = "github.com/mattn/go-runewidth"
  packages = ["."]
  revision = "9e777a8366cce605130a531d2cd6363d07ad7317"
  version = "v0.0.2"

[[projects]]
  branch = "master"
  name = "github.com/mattn/go-tty"
  packages = ["."]
  revision = "931426f7535ac39720c8909d70ece5a41a2502a6"

[[projects]]
  branch = "master"
  name = "github.com/microcosm-cc/bluemonday"
  packages = ["."]
  revision = "995366fdf961d03629cd17361bddd32745718e2c"

[[projects]]
  branch = "master"
  name = "github.com/pkg/browser"
  packages = ["."]
  revision = "c90ca0c84f15f81c982e32665bffd8d7aac8f097"

[[projects]]
  name = "github.com/russross/blackfriday"
  packages = ["."]
  revision = "cadec560ec52d93835bf2f15bd794700d3a2473b"
  version = "v2.0.0"

[[projects]]
  name = "github.com/sergi/go-diff"
  packages = ["diffmatchpatch"]
  revision = "1744e2970ca51c86172c8190fadad617561ed6e7"
  version = "v1.0.0"

[[projects]]
  branch = "master"
  name = "github.com/shurcooL/github_flavored_markdown"
  packages = [
    ".",
    "gfmstyle"
  ]
  revision = "28433ea3fc83827d77424782fefdcd94703366cc"

[[projects]]
  branch = "master"
  name = "github.com/shurcooL/go"
  packages = [
    "parserutil",
    "printerutil",
    "reflectfind",
    "reflectsource"
  ]
  revision = "47fa5b7ceee66c60ac3a281416089035bf526a3c"

[[projects]]
  branch = "master"
  name = "github.com/shurcooL/go-goon"
  packages = ["."]
  revision = "37c2f522c041b74919a9e5e3a6c5c47eb34730a5"

[[projects]]
  branch = "master"
  name = "github.com/shurcooL/graphql"
  packages = ["ident"]
  revision = "3d276b9dcc6b1e0adf19557a8de5cb8632c07697"

[[projects]]
  branch = "master"
  name = "github.com/shurcooL/highlight_diff"
  packages = ["."]
  revision = "09bb4053de1b1d872a9f25dc21378fa71dca4e4e"

[[projects]]
  branch = "master"
  name = "github.com/shurcooL/highlight_go"
  packages = ["."]
  revision = "78fb10f4a5f89e812a5e26ab723b954a51226086"

[[projects]]
  branch = "master"
  name = "github.com/shurcooL/octiconssvg"
  packages = ["."]
  revision = "91d14858bf8188ba5143d67a3a677ea559000b0a"

[[projects]]
  branch = "master"
  name = "github.com/shurcooL/sanitized_anchor_name"
  packages = ["."]
  revision = "86672fcb3f950f35f2e675df2240550f2a50762f"

[[projects]]
  branch = "master"
  name = "github.com/sourcegraph/annotate"
  packages = ["."]
  revision = "f4cad6c6324d3f584e1743d8b3e0e017a5f3a636"

[[projects]]
  branch = "master"
  name = "github.com/sourcegraph/syntaxhighlight"
  packages = ["."]
  revision = "bd320f5d308e1a3c4314c678d8227a0d72574ae7"

[[projects]]
  name = "github.com/urfave/cli"
  packages = ["."]
  revision = "cfb38830724cc34fedffe9a2a29fb54fa9169cd1"
  version = "v1.20.0"

[[projects]]
  branch = "master"
  name = "golang.org/x/net"
  packages = [
    "html",
    "html/atom"
  ]
  revision = "61147c48b25b599e5b561d2e9c4f3e1ef489ca41"

[[projects]]
  branch = "master"
  name = "golang.org/x/sys"
  packages = ["unix"]
  revision = "3b87a42e500a6dc65dae1a55d0b641295971163e"

[solve-meta]
  analyzer-name = "dep"
  analyzer-version = 1
  inputs-digest = "6320ac30709470eafc92b6ab488c8a6d2ea84d2e3d76cbfa533999bb1b8746a2"
  solver-name = "gps-cdcl"
  solver-version = 1
